
Microsoft Visual Studio Solution File, Format Version 12.00
# Visual Studio Version 17
VisualStudioVersion = 17.8.34309.116
MinimumVisualStudioVersion = 10.0.40219.1
Project("{8BC9CEB8-8B4A-11D0-8D11-00A0C91BC942}") = "LaboratoryWork_01", "LaboratoryWork_01\LaboratoryWork_01.vcxproj", "{E51C6A32-6CC4-4545-9F0D-AB1D11CA9AA6}"
EndProject
Project("{8BC9CEB8-8B4A-11D0-8D11-00A0C91BC942}") = "LaboratoryWork_02", "LaboratoryWork_02\LaboratoryWork_02.vcxproj", "{B5EF5E7A-09D6-4D93-8345-82CA2EFDF481}"
EndProject
Project("{8BC9CEB8-8B4A-11D0-8D11-00A0C91BC942}") = "LaboratoryWork_03", "LaboratoryWork_03\LaboratoryWork_03.vcxproj", "{BFAB6AA5-8ECB-4DE5-8069-AA940CDE57FE}"
EndProject
Project("{8BC9CEB8-8B4A-11D0-8D11-00A0C91BC942}") = "LaboratoryWork_04", "LaboratoryWork_04\LaboratoryWork_04.vcxproj", "{FDF5DA16-1A7E-4C43-A7CE-EFF6CB5A919E}"
EndProject
Project("{8BC9CEB8-8B4A-11D0-8D11-00A0C91BC942}") = "LaboratoryWork_05", "LaboratoryWork_05\LaboratoryWork_05.vcxproj", "{56C28856-882E-414D-B585-3CD77B8A4E54}"
EndProject
Project("{8BC9CEB8-8B4A-11D0-8D11-00A0C91BC942}") = "HomeWork_02", "HomeWork_02\HomeWork_02.vcxproj", "{190570C4-073C-467E-9027-B46D2B8823DF}"
EndProject
Project("{8BC9CEB8-8B4A-11D0-8D11-00A0C91BC942}") = "HomeWork_03", "HomeWork_03\HomeWork_03.vcxproj", "{5630F19B-A744-4C9D-9920-4F15325248FF}"
EndProject
Global
	GlobalSection(SolutionConfigurationPlatforms) = preSolution
		Debug|x64 = Debug|x64
		Debug|x86 = Debug|x86
		Release|x64 = Release|x64
		Release|x86 = Release|x86
	EndGlobalSection
	GlobalSection(ProjectConfigurationPlatforms) = postSolution
		{E51C6A32-6CC4-4545-9F0D-AB1D11CA9AA6}.Debug|x64.ActiveCfg = Debug|x64
		{E51C6A32-6CC4-4545-9F0D-AB1D11CA9AA6}.Debug|x64.Build.0 = Debug|x64
		{E51C6A32-6CC4-4545-9F0D-AB1D11CA9AA6}.Debug|x86.ActiveCfg = Debug|Win32
		{E51C6A32-6CC4-4545-9F0D-AB1D11CA9AA6}.Debug|x86.Build.0 = Debug|Win32
		{E51C6A32-6CC4-4545-9F0D-AB1D11CA9AA6}.Release|x64.ActiveCfg = Release|x64
		{E51C6A32-6CC4-4545-9F0D-AB1D11CA9AA6}.Release|x64.Build.0 = Release|x64
		{E51C6A32-6CC4-4545-9F0D-AB1D11CA9AA6}.Release|x86.ActiveCfg = Release|Win32
		{E51C6A32-6CC4-4545-9F0D-AB1D11CA9AA6}.Release|x86.Build.0 = Release|Win32
		{B5EF5E7A-09D6-4D93-8345-82CA2EFDF481}.Debug|x64.ActiveCfg = Debug|x64
		{B5EF5E7A-09D6-4D93-8345-82CA2EFDF481}.Debug|x64.Build.0 = Debug|x64
		{B5EF5E7A-09D6-4D93-8345-82CA2EFDF481}.Debug|x86.ActiveCfg = Debug|Win32
		{B5EF5E7A-09D6-4D93-8345-82CA2EFDF481}.Debug|x86.Build.0 = Debug|Win32
		{B5EF5E7A-09D6-4D93-8345-82CA2EFDF481}.Release|x64.ActiveCfg = Release|x64
		{B5EF5E7A-09D6-4D93-8345-82CA2EFDF481}.Release|x64.Build.0 = Release|x64
		{B5EF5E7A-09D6-4D93-8345-82CA2EFDF481}.Release|x86.ActiveCfg = Release|Win32
		{B5EF5E7A-09D6-4D93-8345-82CA2EFDF481}.Release|x86.Build.0 = Release|Win32
		{BFAB6AA5-8ECB-4DE5-8069-AA940CDE57FE}.Debug|x64.ActiveCfg = Debug|x64
		{BFAB6AA5-8ECB-4DE5-8069-AA940CDE57FE}.Debug|x64.Build.0 = Debug|x64
		{BFAB6AA5-8ECB-4DE5-8069-AA940CDE57FE}.Debug|x86.ActiveCfg = Debug|Win32
		{BFAB6AA5-8ECB-4DE5-8069-AA940CDE57FE}.Debug|x86.Build.0 = Debug|Win32
		{BFAB6AA5-8ECB-4DE5-8069-AA940CDE57FE}.Release|x64.ActiveCfg = Release|x64
		{BFAB6AA5-8ECB-4DE5-8069-AA940CDE57FE}.Release|x64.Build.0 = Release|x64
		{BFAB6AA5-8ECB-4DE5-8069-AA940CDE57FE}.Release|x86.ActiveCfg = Release|Win32
		{BFAB6AA5-8ECB-4DE5-8069-AA940CDE57FE}.Release|x86.Build.0 = Release|Win32
		{FDF5DA16-1A7E-4C43-A7CE-EFF6CB5A919E}.Debug|x64.ActiveCfg = Debug|x64
		{FDF5DA16-1A7E-4C43-A7CE-EFF6CB5A919E}.Debug|x64.Build.0 = Debug|x64
		{FDF5DA16-1A7E-4C43-A7CE-EFF6CB5A919E}.Debug|x86.ActiveCfg = Debug|Win32
		{FDF5DA16-1A7E-4C43-A7CE-EFF6CB5A919E}.Debug|x86.Build.0 = Debug|Win32
		{FDF5DA16-1A7E-4C43-A7CE-EFF6CB5A919E}.Release|x64.ActiveCfg = Release|x64
		{FDF5DA16-1A7E-4C43-A7CE-EFF6CB5A919E}.Release|x64.Build.0 = Release|x64
		{FDF5DA16-1A7E-4C43-A7CE-EFF6CB5A919E}.Release|x86.ActiveCfg = Release|Win32
		{FDF5DA16-1A7E-4C43-A7CE-EFF6CB5A919E}.Release|x86.Build.0 = Release|Win32
		{56C28856-882E-414D-B585-3CD77B8A4E54}.Debug|x64.ActiveCfg = Debug|x64
		{56C28856-882E-414D-B585-3CD77B8A4E54}.Debug|x64.Build.0 = Debug|x64
		{56C28856-882E-414D-B585-3CD77B8A4E54}.Debug|x86.ActiveCfg = Debug|Win32
		{56C28856-882E-414D-B585-3CD77B8A4E54}.Debug|x86.Build.0 = Debug|Win32
		{56C28856-882E-414D-B585-3CD77B8A4E54}.Release|x64.ActiveCfg = Release|x64
		{56C28856-882E-414D-B585-3CD77B8A4E54}.Release|x64.Build.0 = Release|x64
		{56C28856-882E-414D-B585-3CD77B8A4E54}.Release|x86.ActiveCfg = Release|Win32
		{56C28856-882E-414D-B585-3CD77B8A4E54}.Release|x86.Build.0 = Release|Win32
		{190570C4-073C-467E-9027-B46D2B8823DF}.Debug|x64.ActiveCfg = Debug|x64
		{190570C4-073C-467E-9027-B46D2B8823DF}.Debug|x64.Build.0 = Debug|x64
		{190570C4-073C-467E-9027-B46D2B8823DF}.Debug|x86.ActiveCfg = Debug|Win32
		{190570C4-073C-467E-9027-B46D2B8823DF}.Debug|x86.Build.0 = Debug|Win32
		{190570C4-073C-467E-9027-B46D2B8823DF}.Release|x64.ActiveCfg = Release|x64
		{190570C4-073C-467E-9027-B46D2B8823DF}.Release|x64.Build.0 = Release|x64
		{190570C4-073C-467E-9027-B46D2B8823DF}.Release|x86.ActiveCfg = Release|Win32
		{190570C4-073C-467E-9027-B46D2B8823DF}.Release|x86.Build.0 = Release|Win32
		{5630F19B-A744-4C9D-9920-4F15325248FF}.Debug|x64.ActiveCfg = Debug|x64
		{5630F19B-A744-4C9D-9920-4F15325248FF}.Debug|x64.Build.0 = Debug|x64
		{5630F19B-A744-4C9D-9920-4F15325248FF}.Debug|x86.ActiveCfg = Debug|Win32
		{5630F19B-A744-4C9D-9920-4F15325248FF}.Debug|x86.Build.0 = Debug|Win32
		{5630F19B-A744-4C9D-9920-4F15325248FF}.Release|x64.ActiveCfg = Release|x64
		{5630F19B-A744-4C9D-9920-4F15325248FF}.Release|x64.Build.0 = Release|x64
		{5630F19B-A744-4C9D-9920-4F15325248FF}.Release|x86.ActiveCfg = Release|Win32
		{5630F19B-A744-4C9D-9920-4F15325248FF}.Release|x86.Build.0 = Release|Win32
	EndGlobalSection
	GlobalSection(SolutionProperties) = preSolution
		HideSolutionNode = FALSE
	EndGlobalSection
	GlobalSection(ExtensibilityGlobals) = postSolution
		SolutionGuid = {C739BA7B-D7DA-449B-8429-6AE13161FADB}
	EndGlobalSection
EndGlobal
